// !$*UTF8*$!
{
	archiveVersion = 1;
	classes = {
	};
	objectVersion = 50;
	objects = {

/* Begin PBXBuildFile section */
		1034C0B122141F490050BC1E /* DIN Alternate Bold.otf in Resources */ = {isa = PBXBuildFile; fileRef = 1034C0B022141F480050BC1E /* DIN Alternate Bold.otf */; };
		106D3A792213027C0048CFEC /* CustomTabBarViewController.swift in Sources */ = {isa = PBXBuildFile; fileRef = 106D3A782213027C0048CFEC /* CustomTabBarViewController.swift */; };
		107F4EC02212EE6400E6BF89 /* CurrencyViewController.swift in Sources */ = {isa = PBXBuildFile; fileRef = 107F4EBF2212EE6400E6BF89 /* CurrencyViewController.swift */; };
		107F4EC22212FE0300E6BF89 /* TranslatorViewController.swift in Sources */ = {isa = PBXBuildFile; fileRef = 107F4EC12212FE0300E6BF89 /* TranslatorViewController.swift */; };
		107F4EC42212FE3F00E6BF89 /* WeatherViewController.swift in Sources */ = {isa = PBXBuildFile; fileRef = 107F4EC32212FE3F00E6BF89 /* WeatherViewController.swift */; };
		10938F7B2212DB7A00F15F60 /* PostLaunchViewController.swift in Sources */ = {isa = PBXBuildFile; fileRef = 10938F7A2212DB7A00F15F60 /* PostLaunchViewController.swift */; };
		1093E9FF221437D4008E7653 /* DesignableButton.swift in Sources */ = {isa = PBXBuildFile; fileRef = 1093E9FE221437D4008E7653 /* DesignableButton.swift */; };
		1093EA012214381E008E7653 /* DesignableView.swift in Sources */ = {isa = PBXBuildFile; fileRef = 1093EA002214381E008E7653 /* DesignableView.swift */; };
		10E4BF7D22157ABC00E41D15 /* LaunchScreen.storyboard in Resources */ = {isa = PBXBuildFile; fileRef = 10E4BF7B22157ABC00E41D15 /* LaunchScreen.storyboard */; };
		10EEBAEC2211A5E6009C6311 /* AppDelegate.swift in Sources */ = {isa = PBXBuildFile; fileRef = 10EEBAEB2211A5E6009C6311 /* AppDelegate.swift */; };
		10EEBAF12211A5E6009C6311 /* Main.storyboard in Resources */ = {isa = PBXBuildFile; fileRef = 10EEBAEF2211A5E6009C6311 /* Main.storyboard */; };
		10EEBAF32211A5E7009C6311 /* Assets.xcassets in Resources */ = {isa = PBXBuildFile; fileRef = 10EEBAF22211A5E7009C6311 /* Assets.xcassets */; };
		4843B8F42237EDA2000D3AC7 /* CurrencyService.swift in Sources */ = {isa = PBXBuildFile; fileRef = 4843B8F32237EDA2000D3AC7 /* CurrencyService.swift */; };
		4843B8F62237F264000D3AC7 /* Currency.swift in Sources */ = {isa = PBXBuildFile; fileRef = 4843B8F52237F264000D3AC7 /* Currency.swift */; };
		4866941122430FF90057E5EF /* SettingService.swift in Sources */ = {isa = PBXBuildFile; fileRef = 4866941022430FF90057E5EF /* SettingService.swift */; };
		4866941322453CA50057E5EF /* City.swift in Sources */ = {isa = PBXBuildFile; fileRef = 4866941222453CA50057E5EF /* City.swift */; };
		4866941522453D5D0057E5EF /* citylist.json in Resources */ = {isa = PBXBuildFile; fileRef = 4866941422453D5D0057E5EF /* citylist.json */; };
		486AB394223FC5EB004985AA /* CurrenciesListViewController.swift in Sources */ = {isa = PBXBuildFile; fileRef = 486AB393223FC5EB004985AA /* CurrenciesListViewController.swift */; };
		48704891225C9F6A0068A664 /* CurrencyServiceTestCase.swift in Sources */ = {isa = PBXBuildFile; fileRef = 48704890225C9F6A0068A664 /* CurrencyServiceTestCase.swift */; };
		4870D59E224E3151002F4867 /* WeatherService.swift in Sources */ = {isa = PBXBuildFile; fileRef = 4870D59D224E3151002F4867 /* WeatherService.swift */; };
		4870D5A0224E37BE002F4867 /* Weather.swift in Sources */ = {isa = PBXBuildFile; fileRef = 4870D59F224E37BE002F4867 /* Weather.swift */; };
		4881FE2B225E0C1C000B2A48 /* Currency.json in Resources */ = {isa = PBXBuildFile; fileRef = 4881FE2A225E0C1C000B2A48 /* Currency.json */; };
		4881FE2D225E0D52000B2A48 /* Weather.json in Resources */ = {isa = PBXBuildFile; fileRef = 4881FE2C225E0D52000B2A48 /* Weather.json */; };
		4881FE2F225E0D6A000B2A48 /* Translate.json in Resources */ = {isa = PBXBuildFile; fileRef = 4881FE2E225E0D6A000B2A48 /* Translate.json */; };
		4881FE31225E0ECE000B2A48 /* FakeResponseData.swift in Sources */ = {isa = PBXBuildFile; fileRef = 4881FE30225E0ECE000B2A48 /* FakeResponseData.swift */; };
		4881FE33225E159F000B2A48 /* URLSessionFake.swift in Sources */ = {isa = PBXBuildFile; fileRef = 4881FE32225E159F000B2A48 /* URLSessionFake.swift */; };
		4881FE37225E214C000B2A48 /* TranslateServiceTestCase.swift in Sources */ = {isa = PBXBuildFile; fileRef = 4881FE36225E214C000B2A48 /* TranslateServiceTestCase.swift */; };
		4881FE39225E26B3000B2A48 /* WeatherServiceTestCase.swift in Sources */ = {isa = PBXBuildFile; fileRef = 4881FE38225E26B3000B2A48 /* WeatherServiceTestCase.swift */; };
		4881FE3B225E2F79000B2A48 /* WeatherNY.json in Resources */ = {isa = PBXBuildFile; fileRef = 4881FE3A225E2F79000B2A48 /* WeatherNY.json */; };
		488DA85D2242433F009B7168 /* Protocol.swift in Sources */ = {isa = PBXBuildFile; fileRef = 488DA85C2242433E009B7168 /* Protocol.swift */; };
		4894E41D2245A14C00F190CC /* TranslateService.swift in Sources */ = {isa = PBXBuildFile; fileRef = 4894E41C2245A14C00F190CC /* TranslateService.swift */; };
		4897A39E2246774500BD376A /* Translate.swift in Sources */ = {isa = PBXBuildFile; fileRef = 4897A39D2246774500BD376A /* Translate.swift */; };
		48EBF3E02254F0830023E3DA /* CityListViewController.swift in Sources */ = {isa = PBXBuildFile; fileRef = 48EBF3DF2254F0830023E3DA /* CityListViewController.swift */; };
		48FE8512224844E40008CED2 /* ApiKey.swift in Sources */ = {isa = PBXBuildFile; fileRef = 48FE8511224844E40008CED2 /* ApiKey.swift */; };
/* End PBXBuildFile section */

/* Begin PBXContainerItemProxy section */
		4870488B225C9CC20068A664 /* PBXContainerItemProxy */ = {
			isa = PBXContainerItemProxy;
			containerPortal = 10EEBAE02211A5E6009C6311 /* Project object */;
			proxyType = 1;
			remoteGlobalIDString = 10EEBAE72211A5E6009C6311;
			remoteInfo = Baluchon;
		};
/* End PBXContainerItemProxy section */

/* Begin PBXFileReference section */
		1034C0B022141F480050BC1E /* DIN Alternate Bold.otf */ = {isa = PBXFileReference; lastKnownFileType = file; path = "DIN Alternate Bold.otf"; sourceTree = "<group>"; };
		106D3A782213027C0048CFEC /* CustomTabBarViewController.swift */ = {isa = PBXFileReference; lastKnownFileType = sourcecode.swift; path = CustomTabBarViewController.swift; sourceTree = "<group>"; };
		107F4EBF2212EE6400E6BF89 /* CurrencyViewController.swift */ = {isa = PBXFileReference; lastKnownFileType = sourcecode.swift; path = CurrencyViewController.swift; sourceTree = "<group>"; };
		107F4EC12212FE0300E6BF89 /* TranslatorViewController.swift */ = {isa = PBXFileReference; lastKnownFileType = sourcecode.swift; path = TranslatorViewController.swift; sourceTree = "<group>"; };
		107F4EC32212FE3F00E6BF89 /* WeatherViewController.swift */ = {isa = PBXFileReference; lastKnownFileType = sourcecode.swift; path = WeatherViewController.swift; sourceTree = "<group>"; };
		10938F7A2212DB7A00F15F60 /* PostLaunchViewController.swift */ = {isa = PBXFileReference; lastKnownFileType = sourcecode.swift; path = PostLaunchViewController.swift; sourceTree = "<group>"; };
		1093E9FE221437D4008E7653 /* DesignableButton.swift */ = {isa = PBXFileReference; lastKnownFileType = sourcecode.swift; path = DesignableButton.swift; sourceTree = "<group>"; };
		1093EA002214381E008E7653 /* DesignableView.swift */ = {isa = PBXFileReference; lastKnownFileType = sourcecode.swift; path = DesignableView.swift; sourceTree = "<group>"; };
		10E4BF7C22157ABC00E41D15 /* Base */ = {isa = PBXFileReference; lastKnownFileType = file.storyboard; name = Base; path = Base.lproj/LaunchScreen.storyboard; sourceTree = "<group>"; };
		10EEBAE82211A5E6009C6311 /* Baluchon.app */ = {isa = PBXFileReference; explicitFileType = wrapper.application; includeInIndex = 0; path = Baluchon.app; sourceTree = BUILT_PRODUCTS_DIR; };
		10EEBAEB2211A5E6009C6311 /* AppDelegate.swift */ = {isa = PBXFileReference; lastKnownFileType = sourcecode.swift; path = AppDelegate.swift; sourceTree = "<group>"; };
		10EEBAF02211A5E6009C6311 /* Base */ = {isa = PBXFileReference; lastKnownFileType = file.storyboard; name = Base; path = Base.lproj/Main.storyboard; sourceTree = "<group>"; };
		10EEBAF22211A5E7009C6311 /* Assets.xcassets */ = {isa = PBXFileReference; lastKnownFileType = folder.assetcatalog; path = Assets.xcassets; sourceTree = "<group>"; };
		10EEBAF72211A5E7009C6311 /* Info.plist */ = {isa = PBXFileReference; lastKnownFileType = text.plist.xml; path = Info.plist; sourceTree = "<group>"; };
		4843B8F32237EDA2000D3AC7 /* CurrencyService.swift */ = {isa = PBXFileReference; lastKnownFileType = sourcecode.swift; path = CurrencyService.swift; sourceTree = "<group>"; };
		4843B8F52237F264000D3AC7 /* Currency.swift */ = {isa = PBXFileReference; lastKnownFileType = sourcecode.swift; path = Currency.swift; sourceTree = "<group>"; };
		4866941022430FF90057E5EF /* SettingService.swift */ = {isa = PBXFileReference; lastKnownFileType = sourcecode.swift; path = SettingService.swift; sourceTree = "<group>"; };
		4866941222453CA50057E5EF /* City.swift */ = {isa = PBXFileReference; lastKnownFileType = sourcecode.swift; path = City.swift; sourceTree = "<group>"; };
		4866941422453D5D0057E5EF /* citylist.json */ = {isa = PBXFileReference; fileEncoding = 4; lastKnownFileType = text.json; path = citylist.json; sourceTree = "<group>"; };
		486AB393223FC5EB004985AA /* CurrenciesListViewController.swift */ = {isa = PBXFileReference; lastKnownFileType = sourcecode.swift; path = CurrenciesListViewController.swift; sourceTree = "<group>"; };
		48704886225C9CC20068A664 /* BaluchonTests.xctest */ = {isa = PBXFileReference; explicitFileType = wrapper.cfbundle; includeInIndex = 0; path = BaluchonTests.xctest; sourceTree = BUILT_PRODUCTS_DIR; };
		4870488A225C9CC20068A664 /* Info.plist */ = {isa = PBXFileReference; lastKnownFileType = text.plist.xml; path = Info.plist; sourceTree = "<group>"; };
		48704890225C9F6A0068A664 /* CurrencyServiceTestCase.swift */ = {isa = PBXFileReference; lastKnownFileType = sourcecode.swift; path = CurrencyServiceTestCase.swift; sourceTree = "<group>"; };
		4870D59D224E3151002F4867 /* WeatherService.swift */ = {isa = PBXFileReference; lastKnownFileType = sourcecode.swift; path = WeatherService.swift; sourceTree = "<group>"; };
		4870D59F224E37BE002F4867 /* Weather.swift */ = {isa = PBXFileReference; lastKnownFileType = sourcecode.swift; path = Weather.swift; sourceTree = "<group>"; };
		4881FE2A225E0C1C000B2A48 /* Currency.json */ = {isa = PBXFileReference; lastKnownFileType = text.json; path = Currency.json; sourceTree = "<group>"; };
		4881FE2C225E0D52000B2A48 /* Weather.json */ = {isa = PBXFileReference; lastKnownFileType = text.json; path = Weather.json; sourceTree = "<group>"; };
		4881FE2E225E0D6A000B2A48 /* Translate.json */ = {isa = PBXFileReference; lastKnownFileType = text.json; path = Translate.json; sourceTree = "<group>"; };
		4881FE30225E0ECE000B2A48 /* FakeResponseData.swift */ = {isa = PBXFileReference; lastKnownFileType = sourcecode.swift; path = FakeResponseData.swift; sourceTree = "<group>"; };
		4881FE32225E159F000B2A48 /* URLSessionFake.swift */ = {isa = PBXFileReference; lastKnownFileType = sourcecode.swift; path = URLSessionFake.swift; sourceTree = "<group>"; };
		4881FE36225E214C000B2A48 /* TranslateServiceTestCase.swift */ = {isa = PBXFileReference; lastKnownFileType = sourcecode.swift; path = TranslateServiceTestCase.swift; sourceTree = "<group>"; };
		4881FE38225E26B3000B2A48 /* WeatherServiceTestCase.swift */ = {isa = PBXFileReference; lastKnownFileType = sourcecode.swift; path = WeatherServiceTestCase.swift; sourceTree = "<group>"; };
		4881FE3A225E2F79000B2A48 /* WeatherNY.json */ = {isa = PBXFileReference; lastKnownFileType = text.json; path = WeatherNY.json; sourceTree = "<group>"; };
		488DA85C2242433E009B7168 /* Protocol.swift */ = {isa = PBXFileReference; lastKnownFileType = sourcecode.swift; path = Protocol.swift; sourceTree = "<group>"; };
		4894E41C2245A14C00F190CC /* TranslateService.swift */ = {isa = PBXFileReference; lastKnownFileType = sourcecode.swift; path = TranslateService.swift; sourceTree = "<group>"; };
		4897A39D2246774500BD376A /* Translate.swift */ = {isa = PBXFileReference; lastKnownFileType = sourcecode.swift; path = Translate.swift; sourceTree = "<group>"; };
		48EBF3DF2254F0830023E3DA /* CityListViewController.swift */ = {isa = PBXFileReference; lastKnownFileType = sourcecode.swift; path = CityListViewController.swift; sourceTree = "<group>"; };
		48FE8511224844E40008CED2 /* ApiKey.swift */ = {isa = PBXFileReference; lastKnownFileType = sourcecode.swift; path = ApiKey.swift; sourceTree = "<group>"; };
/* End PBXFileReference section */

/* Begin PBXFrameworksBuildPhase section */
		10EEBAE52211A5E6009C6311 /* Frameworks */ = {
			isa = PBXFrameworksBuildPhase;
			buildActionMask = 2147483647;
			files = (
			);
			runOnlyForDeploymentPostprocessing = 0;
		};
		48704883225C9CC20068A664 /* Frameworks */ = {
			isa = PBXFrameworksBuildPhase;
			buildActionMask = 2147483647;
			files = (
			);
			runOnlyForDeploymentPostprocessing = 0;
		};
/* End PBXFrameworksBuildPhase section */

/* Begin PBXGroup section */
		1034C0AF22141EFA0050BC1E /* Ressources */ = {
			isa = PBXGroup;
			children = (
				4866941422453D5D0057E5EF /* citylist.json */,
				1034C0B022141F480050BC1E /* DIN Alternate Bold.otf */,
			);
			path = Ressources;
			sourceTree = "<group>";
		};
		10EEBADF2211A5E6009C6311 = {
			isa = PBXGroup;
			children = (
				10EEBAEA2211A5E6009C6311 /* Baluchon */,
				48704887225C9CC20068A664 /* BaluchonTests */,
				10EEBAE92211A5E6009C6311 /* Products */,
			);
			sourceTree = "<group>";
		};
		10EEBAE92211A5E6009C6311 /* Products */ = {
			isa = PBXGroup;
			children = (
				10EEBAE82211A5E6009C6311 /* Baluchon.app */,
				48704886225C9CC20068A664 /* BaluchonTests.xctest */,
			);
			name = Products;
			sourceTree = "<group>";
		};
		10EEBAEA2211A5E6009C6311 /* Baluchon */ = {
			isa = PBXGroup;
			children = (
				1034C0AF22141EFA0050BC1E /* Ressources */,
				48DEA8C322371A7600AB8315 /* Model */,
				10EEBB1A2211A5F9009C6311 /* View */,
				10EEBB1B2211A5FE009C6311 /* Controller */,
				10EEBAEB2211A5E6009C6311 /* AppDelegate.swift */,
				10EEBAF22211A5E7009C6311 /* Assets.xcassets */,
				10EEBAF72211A5E7009C6311 /* Info.plist */,
			);
			path = Baluchon;
			sourceTree = "<group>";
		};
		10EEBB1A2211A5F9009C6311 /* View */ = {
			isa = PBXGroup;
			children = (
				10EEBAEF2211A5E6009C6311 /* Main.storyboard */,
				10E4BF7B22157ABC00E41D15 /* LaunchScreen.storyboard */,
				1093E9FE221437D4008E7653 /* DesignableButton.swift */,
				1093EA002214381E008E7653 /* DesignableView.swift */,
			);
			path = View;
			sourceTree = "<group>";
		};
		10EEBB1B2211A5FE009C6311 /* Controller */ = {
			isa = PBXGroup;
			children = (
				10938F7A2212DB7A00F15F60 /* PostLaunchViewController.swift */,
				106D3A782213027C0048CFEC /* CustomTabBarViewController.swift */,
				107F4EBF2212EE6400E6BF89 /* CurrencyViewController.swift */,
				486AB393223FC5EB004985AA /* CurrenciesListViewController.swift */,
				107F4EC12212FE0300E6BF89 /* TranslatorViewController.swift */,
				107F4EC32212FE3F00E6BF89 /* WeatherViewController.swift */,
				48EBF3DF2254F0830023E3DA /* CityListViewController.swift */,
			);
			path = Controller;
			sourceTree = "<group>";
		};
		48704887225C9CC20068A664 /* BaluchonTests */ = {
			isa = PBXGroup;
			children = (
				4870488A225C9CC20068A664 /* Info.plist */,
				48704890225C9F6A0068A664 /* CurrencyServiceTestCase.swift */,
				4881FE2A225E0C1C000B2A48 /* Currency.json */,
				4881FE2C225E0D52000B2A48 /* Weather.json */,
				4881FE2E225E0D6A000B2A48 /* Translate.json */,
				4881FE30225E0ECE000B2A48 /* FakeResponseData.swift */,
				4881FE32225E159F000B2A48 /* URLSessionFake.swift */,
				4881FE36225E214C000B2A48 /* TranslateServiceTestCase.swift */,
				4881FE38225E26B3000B2A48 /* WeatherServiceTestCase.swift */,
				4881FE3A225E2F79000B2A48 /* WeatherNY.json */,
			);
			path = BaluchonTests;
			sourceTree = "<group>";
		};
		48DEA8C322371A7600AB8315 /* Model */ = {
			isa = PBXGroup;
			children = (
				4843B8F32237EDA2000D3AC7 /* CurrencyService.swift */,
				4843B8F52237F264000D3AC7 /* Currency.swift */,
				4894E41C2245A14C00F190CC /* TranslateService.swift */,
				4897A39D2246774500BD376A /* Translate.swift */,
				4870D59D224E3151002F4867 /* WeatherService.swift */,
				4870D59F224E37BE002F4867 /* Weather.swift */,
				4866941222453CA50057E5EF /* City.swift */,
				48FE8511224844E40008CED2 /* ApiKey.swift */,
				4866941022430FF90057E5EF /* SettingService.swift */,
				488DA85C2242433E009B7168 /* Protocol.swift */,
			);
			path = Model;
			sourceTree = "<group>";
		};
/* End PBXGroup section */

/* Begin PBXNativeTarget section */
		10EEBAE72211A5E6009C6311 /* Baluchon */ = {
			isa = PBXNativeTarget;
			buildConfigurationList = 10EEBB102211A5E7009C6311 /* Build configuration list for PBXNativeTarget "Baluchon" */;
			buildPhases = (
				10EEBAE42211A5E6009C6311 /* Sources */,
				10EEBAE52211A5E6009C6311 /* Frameworks */,
				10EEBAE62211A5E6009C6311 /* Resources */,
				10CD04872216EF7700ADF5B9 /* ShellScript */,
			);
			buildRules = (
			);
			dependencies = (
			);
			name = Baluchon;
			productName = Baluchon;
			productReference = 10EEBAE82211A5E6009C6311 /* Baluchon.app */;
			productType = "com.apple.product-type.application";
		};
		48704885225C9CC20068A664 /* BaluchonTests */ = {
			isa = PBXNativeTarget;
			buildConfigurationList = 4870488F225C9CC20068A664 /* Build configuration list for PBXNativeTarget "BaluchonTests" */;
			buildPhases = (
				48704882225C9CC20068A664 /* Sources */,
				48704883225C9CC20068A664 /* Frameworks */,
				48704884225C9CC20068A664 /* Resources */,
			);
			buildRules = (
			);
			dependencies = (
				4870488C225C9CC20068A664 /* PBXTargetDependency */,
			);
			name = BaluchonTests;
			productName = BaluchonTests;
			productReference = 48704886225C9CC20068A664 /* BaluchonTests.xctest */;
			productType = "com.apple.product-type.bundle.unit-test";
		};
/* End PBXNativeTarget section */

/* Begin PBXProject section */
		10EEBAE02211A5E6009C6311 /* Project object */ = {
			isa = PBXProject;
			attributes = {
				LastSwiftUpdateCheck = 1020;
				LastUpgradeCheck = 1010;
				ORGANIZATIONNAME = "Jerome Krakus";
				TargetAttributes = {
					10EEBAE72211A5E6009C6311 = {
						CreatedOnToolsVersion = 10.1;
						LastSwiftMigration = 1020;
					};
					48704885225C9CC20068A664 = {
						CreatedOnToolsVersion = 10.2;
						LastSwiftMigration = 1020;
						TestTargetID = 10EEBAE72211A5E6009C6311;
					};
				};
			};
			buildConfigurationList = 10EEBAE32211A5E6009C6311 /* Build configuration list for PBXProject "Baluchon" */;
			compatibilityVersion = "Xcode 9.3";
			developmentRegion = en;
			hasScannedForEncodings = 0;
			knownRegions = (
				en,
				Base,
			);
			mainGroup = 10EEBADF2211A5E6009C6311;
			productRefGroup = 10EEBAE92211A5E6009C6311 /* Products */;
			projectDirPath = "";
			projectRoot = "";
			targets = (
				10EEBAE72211A5E6009C6311 /* Baluchon */,
				48704885225C9CC20068A664 /* BaluchonTests */,
			);
		};
/* End PBXProject section */

/* Begin PBXResourcesBuildPhase section */
		10EEBAE62211A5E6009C6311 /* Resources */ = {
			isa = PBXResourcesBuildPhase;
			buildActionMask = 2147483647;
			files = (
				1034C0B122141F490050BC1E /* DIN Alternate Bold.otf in Resources */,
				4866941522453D5D0057E5EF /* citylist.json in Resources */,
				10E4BF7D22157ABC00E41D15 /* LaunchScreen.storyboard in Resources */,
				10EEBAF32211A5E7009C6311 /* Assets.xcassets in Resources */,
				10EEBAF12211A5E6009C6311 /* Main.storyboard in Resources */,
			);
			runOnlyForDeploymentPostprocessing = 0;
		};
		48704884225C9CC20068A664 /* Resources */ = {
			isa = PBXResourcesBuildPhase;
			buildActionMask = 2147483647;
			files = (
				4881FE2D225E0D52000B2A48 /* Weather.json in Resources */,
				4881FE3B225E2F79000B2A48 /* WeatherNY.json in Resources */,
				4881FE2F225E0D6A000B2A48 /* Translate.json in Resources */,
				4881FE2B225E0C1C000B2A48 /* Currency.json in Resources */,
			);
			runOnlyForDeploymentPostprocessing = 0;
		};
/* End PBXResourcesBuildPhase section */

/* Begin PBXShellScriptBuildPhase section */
		10CD04872216EF7700ADF5B9 /* ShellScript */ = {
			isa = PBXShellScriptBuildPhase;
			buildActionMask = 2147483647;
			files = (
			);
			inputFileListPaths = (
			);
			inputPaths = (
			);
			outputFileListPaths = (
			);
			outputPaths = (
			);
			runOnlyForDeploymentPostprocessing = 0;
			shellPath = /bin/sh;
			shellScript = "if which swiftlint >/dev/null; then\nswiftlint\nelse\necho \"warning: SwiftLint not installed, download from https://github.com/realm/SwiftLint\"\nfi\n";
		};
/* End PBXShellScriptBuildPhase section */

/* Begin PBXSourcesBuildPhase section */
		10EEBAE42211A5E6009C6311 /* Sources */ = {
			isa = PBXSourcesBuildPhase;
			buildActionMask = 2147483647;
			files = (
				10EEBAEC2211A5E6009C6311 /* AppDelegate.swift in Sources */,
				48FE8512224844E40008CED2 /* ApiKey.swift in Sources */,
				107F4EC42212FE3F00E6BF89 /* WeatherViewController.swift in Sources */,
				48EBF3E02254F0830023E3DA /* CityListViewController.swift in Sources */,
				4843B8F42237EDA2000D3AC7 /* CurrencyService.swift in Sources */,
				107F4EC02212EE6400E6BF89 /* CurrencyViewController.swift in Sources */,
				4866941322453CA50057E5EF /* City.swift in Sources */,
				1093E9FF221437D4008E7653 /* DesignableButton.swift in Sources */,
				4894E41D2245A14C00F190CC /* TranslateService.swift in Sources */,
				106D3A792213027C0048CFEC /* CustomTabBarViewController.swift in Sources */,
				4897A39E2246774500BD376A /* Translate.swift in Sources */,
				4870D59E224E3151002F4867 /* WeatherService.swift in Sources */,
				4843B8F62237F264000D3AC7 /* Currency.swift in Sources */,
				10938F7B2212DB7A00F15F60 /* PostLaunchViewController.swift in Sources */,
				486AB394223FC5EB004985AA /* CurrenciesListViewController.swift in Sources */,
				107F4EC22212FE0300E6BF89 /* TranslatorViewController.swift in Sources */,
				4870D5A0224E37BE002F4867 /* Weather.swift in Sources */,
				1093EA012214381E008E7653 /* DesignableView.swift in Sources */,
				4866941122430FF90057E5EF /* SettingService.swift in Sources */,
				488DA85D2242433F009B7168 /* Protocol.swift in Sources */,
			);
			runOnlyForDeploymentPostprocessing = 0;
		};
		48704882225C9CC20068A664 /* Sources */ = {
			isa = PBXSourcesBuildPhase;
			buildActionMask = 2147483647;
			files = (
				4881FE37225E214C000B2A48 /* TranslateServiceTestCase.swift in Sources */,
				48704891225C9F6A0068A664 /* CurrencyServiceTestCase.swift in Sources */,
				4881FE33225E159F000B2A48 /* URLSessionFake.swift in Sources */,
				4881FE39225E26B3000B2A48 /* WeatherServiceTestCase.swift in Sources */,
				4881FE31225E0ECE000B2A48 /* FakeResponseData.swift in Sources */,
			);
			runOnlyForDeploymentPostprocessing = 0;
		};
/* End PBXSourcesBuildPhase section */

/* Begin PBXTargetDependency section */
		4870488C225C9CC20068A664 /* PBXTargetDependency */ = {
			isa = PBXTargetDependency;
			target = 10EEBAE72211A5E6009C6311 /* Baluchon */;
			targetProxy = 4870488B225C9CC20068A664 /* PBXContainerItemProxy */;
		};
/* End PBXTargetDependency section */

/* Begin PBXVariantGroup section */
		10E4BF7B22157ABC00E41D15 /* LaunchScreen.storyboard */ = {
			isa = PBXVariantGroup;
			children = (
				10E4BF7C22157ABC00E41D15 /* Base */,
			);
			name = LaunchScreen.storyboard;
			sourceTree = "<group>";
		};
		10EEBAEF2211A5E6009C6311 /* Main.storyboard */ = {
			isa = PBXVariantGroup;
			children = (
				10EEBAF02211A5E6009C6311 /* Base */,
			);
			name = Main.storyboard;
			sourceTree = "<group>";
		};
/* End PBXVariantGroup section */

/* Begin XCBuildConfiguration section */
		10EEBB0E2211A5E7009C6311 /* Debug */ = {
			isa = XCBuildConfiguration;
			buildSettings = {
				ALWAYS_SEARCH_USER_PATHS = NO;
				CLANG_ANALYZER_NONNULL = YES;
				CLANG_ANALYZER_NUMBER_OBJECT_CONVERSION = YES_AGGRESSIVE;
				CLANG_CXX_LANGUAGE_STANDARD = "gnu++14";
				CLANG_CXX_LIBRARY = "libc++";
				CLANG_ENABLE_MODULES = YES;
				CLANG_ENABLE_OBJC_ARC = YES;
				CLANG_ENABLE_OBJC_WEAK = YES;
				CLANG_WARN_BLOCK_CAPTURE_AUTORELEASING = YES;
				CLANG_WARN_BOOL_CONVERSION = YES;
				CLANG_WARN_COMMA = YES;
				CLANG_WARN_CONSTANT_CONVERSION = YES;
				CLANG_WARN_DEPRECATED_OBJC_IMPLEMENTATIONS = YES;
				CLANG_WARN_DIRECT_OBJC_ISA_USAGE = YES_ERROR;
				CLANG_WARN_DOCUMENTATION_COMMENTS = YES;
				CLANG_WARN_EMPTY_BODY = YES;
				CLANG_WARN_ENUM_CONVERSION = YES;
				CLANG_WARN_INFINITE_RECURSION = YES;
				CLANG_WARN_INT_CONVERSION = YES;
				CLANG_WARN_NON_LITERAL_NULL_CONVERSION = YES;
				CLANG_WARN_OBJC_IMPLICIT_RETAIN_SELF = YES;
				CLANG_WARN_OBJC_LITERAL_CONVERSION = YES;
				CLANG_WARN_OBJC_ROOT_CLASS = YES_ERROR;
				CLANG_WARN_RANGE_LOOP_ANALYSIS = YES;
				CLANG_WARN_STRICT_PROTOTYPES = YES;
				CLANG_WARN_SUSPICIOUS_MOVE = YES;
				CLANG_WARN_UNGUARDED_AVAILABILITY = YES_AGGRESSIVE;
				CLANG_WARN_UNREACHABLE_CODE = YES;
				CLANG_WARN__DUPLICATE_METHOD_MATCH = YES;
				CODE_SIGN_IDENTITY = "iPhone Developer";
				COPY_PHASE_STRIP = NO;
				DEBUG_INFORMATION_FORMAT = dwarf;
				ENABLE_STRICT_OBJC_MSGSEND = YES;
				ENABLE_TESTABILITY = YES;
				GCC_C_LANGUAGE_STANDARD = gnu11;
				GCC_DYNAMIC_NO_PIC = NO;
				GCC_NO_COMMON_BLOCKS = YES;
				GCC_OPTIMIZATION_LEVEL = 0;
				GCC_PREPROCESSOR_DEFINITIONS = (
					"DEBUG=1",
					"$(inherited)",
				);
				GCC_WARN_64_TO_32_BIT_CONVERSION = YES;
				GCC_WARN_ABOUT_RETURN_TYPE = YES_ERROR;
				GCC_WARN_UNDECLARED_SELECTOR = YES;
				GCC_WARN_UNINITIALIZED_AUTOS = YES_AGGRESSIVE;
				GCC_WARN_UNUSED_FUNCTION = YES;
				GCC_WARN_UNUSED_VARIABLE = YES;
				IPHONEOS_DEPLOYMENT_TARGET = 12.1;
				MTL_ENABLE_DEBUG_INFO = INCLUDE_SOURCE;
				MTL_FAST_MATH = YES;
				ONLY_ACTIVE_ARCH = YES;
				SDKROOT = iphoneos;
				SWIFT_ACTIVE_COMPILATION_CONDITIONS = DEBUG;
				SWIFT_OPTIMIZATION_LEVEL = "-Onone";
			};
			name = Debug;
		};
		10EEBB0F2211A5E7009C6311 /* Release */ = {
			isa = XCBuildConfiguration;
			buildSettings = {
				ALWAYS_SEARCH_USER_PATHS = NO;
				CLANG_ANALYZER_NONNULL = YES;
				CLANG_ANALYZER_NUMBER_OBJECT_CONVERSION = YES_AGGRESSIVE;
				CLANG_CXX_LANGUAGE_STANDARD = "gnu++14";
				CLANG_CXX_LIBRARY = "libc++";
				CLANG_ENABLE_MODULES = YES;
				CLANG_ENABLE_OBJC_ARC = YES;
				CLANG_ENABLE_OBJC_WEAK = YES;
				CLANG_WARN_BLOCK_CAPTURE_AUTORELEASING = YES;
				CLANG_WARN_BOOL_CONVERSION = YES;
				CLANG_WARN_COMMA = YES;
				CLANG_WARN_CONSTANT_CONVERSION = YES;
				CLANG_WARN_DEPRECATED_OBJC_IMPLEMENTATIONS = YES;
				CLANG_WARN_DIRECT_OBJC_ISA_USAGE = YES_ERROR;
				CLANG_WARN_DOCUMENTATION_COMMENTS = YES;
				CLANG_WARN_EMPTY_BODY = YES;
				CLANG_WARN_ENUM_CONVERSION = YES;
				CLANG_WARN_INFINITE_RECURSION = YES;
				CLANG_WARN_INT_CONVERSION = YES;
				CLANG_WARN_NON_LITERAL_NULL_CONVERSION = YES;
				CLANG_WARN_OBJC_IMPLICIT_RETAIN_SELF = YES;
				CLANG_WARN_OBJC_LITERAL_CONVERSION = YES;
				CLANG_WARN_OBJC_ROOT_CLASS = YES_ERROR;
				CLANG_WARN_RANGE_LOOP_ANALYSIS = YES;
				CLANG_WARN_STRICT_PROTOTYPES = YES;
				CLANG_WARN_SUSPICIOUS_MOVE = YES;
				CLANG_WARN_UNGUARDED_AVAILABILITY = YES_AGGRESSIVE;
				CLANG_WARN_UNREACHABLE_CODE = YES;
				CLANG_WARN__DUPLICATE_METHOD_MATCH = YES;
				CODE_SIGN_IDENTITY = "iPhone Developer";
				COPY_PHASE_STRIP = NO;
				DEBUG_INFORMATION_FORMAT = "dwarf-with-dsym";
				ENABLE_NS_ASSERTIONS = NO;
				ENABLE_STRICT_OBJC_MSGSEND = YES;
				GCC_C_LANGUAGE_STANDARD = gnu11;
				GCC_NO_COMMON_BLOCKS = YES;
				GCC_WARN_64_TO_32_BIT_CONVERSION = YES;
				GCC_WARN_ABOUT_RETURN_TYPE = YES_ERROR;
				GCC_WARN_UNDECLARED_SELECTOR = YES;
				GCC_WARN_UNINITIALIZED_AUTOS = YES_AGGRESSIVE;
				GCC_WARN_UNUSED_FUNCTION = YES;
				GCC_WARN_UNUSED_VARIABLE = YES;
				IPHONEOS_DEPLOYMENT_TARGET = 12.1;
				MTL_ENABLE_DEBUG_INFO = NO;
				MTL_FAST_MATH = YES;
				SDKROOT = iphoneos;
				SWIFT_COMPILATION_MODE = wholemodule;
				SWIFT_OPTIMIZATION_LEVEL = "-O";
				VALIDATE_PRODUCT = YES;
			};
			name = Release;
		};
		10EEBB112211A5E7009C6311 /* Debug */ = {
			isa = XCBuildConfiguration;
			buildSettings = {
				ASSETCATALOG_COMPILER_APPICON_NAME = AppIcon;
				CODE_SIGN_STYLE = Automatic;
				DEVELOPMENT_TEAM = LB6NT562ER;
				INFOPLIST_FILE = Baluchon/Info.plist;
				IPHONEOS_DEPLOYMENT_TARGET = 11.0;
				LD_RUNPATH_SEARCH_PATHS = (
					"$(inherited)",
					"@executable_path/Frameworks",
				);
				PRODUCT_BUNDLE_IDENTIFIER = "com.jeromkrakus.Baluchon-oc";
				PRODUCT_NAME = "$(TARGET_NAME)";
				SWIFT_VERSION = 5.0;
				TARGETED_DEVICE_FAMILY = 1;
			};
			name = Debug;
		};
		10EEBB122211A5E7009C6311 /* Release */ = {
			isa = XCBuildConfiguration;
			buildSettings = {
				ASSETCATALOG_COMPILER_APPICON_NAME = AppIcon;
				CODE_SIGN_STYLE = Automatic;
				DEVELOPMENT_TEAM = LB6NT562ER;
				INFOPLIST_FILE = Baluchon/Info.plist;
				IPHONEOS_DEPLOYMENT_TARGET = 11.0;
				LD_RUNPATH_SEARCH_PATHS = (
					"$(inherited)",
					"@executable_path/Frameworks",
				);
				PRODUCT_BUNDLE_IDENTIFIER = "com.jeromkrakus.Baluchon-oc";
				PRODUCT_NAME = "$(TARGET_NAME)";
				SWIFT_VERSION = 5.0;
				TARGETED_DEVICE_FAMILY = 1;
			};
			name = Release;
		};
		4870488D225C9CC20068A664 /* Debug */ = {
			isa = XCBuildConfiguration;
			buildSettings = {
				BUNDLE_LOADER = "$(TEST_HOST)";
				CLANG_ENABLE_MODULES = YES;
				CODE_SIGN_STYLE = Automatic;
				DEVELOPMENT_TEAM = LB6NT562ER;
				INFOPLIST_FILE = BaluchonTests/Info.plist;
				IPHONEOS_DEPLOYMENT_TARGET = 11.0;
				LD_RUNPATH_SEARCH_PATHS = (
					"$(inherited)",
					"@executable_path/Frameworks",
					"@loader_path/Frameworks",
				);
				PRODUCT_BUNDLE_IDENTIFIER = com.jeromekrakus.BaluchonTests;
				PRODUCT_NAME = "$(TARGET_NAME)";
				SWIFT_OPTIMIZATION_LEVEL = "-Onone";
				SWIFT_VERSION = 5.0;
				TARGETED_DEVICE_FAMILY = 1;
				TEST_HOST = "$(BUILT_PRODUCTS_DIR)/Baluchon.app/Baluchon";
			};
			name = Debug;
		};
		4870488E225C9CC20068A664 /* Release */ = {
			isa = XCBuildConfiguration;
			buildSettings = {
				BUNDLE_LOADER = "$(TEST_HOST)";
				CLANG_ENABLE_MODULES = YES;
				CODE_SIGN_STYLE = Automatic;
				DEVELOPMENT_TEAM = LB6NT562ER;
				INFOPLIST_FILE = BaluchonTests/Info.plist;
				IPHONEOS_DEPLOYMENT_TARGET = 11.0;
				LD_RUNPATH_SEARCH_PATHS = (
					"$(inherited)",
					"@executable_path/Frameworks",
					"@loader_path/Frameworks",
				);
				PRODUCT_BUNDLE_IDENTIFIER = com.jeromekrakus.BaluchonTests;
				PRODUCT_NAME = "$(TARGET_NAME)";
				SWIFT_VERSION = 5.0;
				TARGETED_DEVICE_FAMILY = 1;
				TEST_HOST = "$(BUILT_PRODUCTS_DIR)/Baluchon.app/Baluchon";
			};
			name = Release;
		};
/* End XCBuildConfiguration section */

/* Begin XCConfigurationList section */
		10EEBAE32211A5E6009C6311 /* Build configuration list for PBXProject "Baluchon" */ = {
			isa = XCConfigurationList;
			buildConfigurations = (
				10EEBB0E2211A5E7009C6311 /* Debug */,
				10EEBB0F2211A5E7009C6311 /* Release */,
			);
			defaultConfigurationIsVisible = 0;
			defaultConfigurationName = Release;
		};
		10EEBB102211A5E7009C6311 /* Build configuration list for PBXNativeTarget "Baluchon" */ = {
			isa = XCConfigurationList;
			buildConfigurations = (
				10EEBB112211A5E7009C6311 /* Debug */,
				10EEBB122211A5E7009C6311 /* Release */,
			);
			defaultConfigurationIsVisible = 0;
			defaultConfigurationName = Release;
		};
		4870488F225C9CC20068A664 /* Build configuration list for PBXNativeTarget "BaluchonTests" */ = {
			isa = XCConfigurationList;
			buildConfigurations = (
				4870488D225C9CC20068A664 /* Debug */,
				4870488E225C9CC20068A664 /* Release */,
			);
			defaultConfigurationIsVisible = 0;
			defaultConfigurationName = Release;
		};
/* End XCConfigurationList section */
	};
	rootObject = 10EEBAE02211A5E6009C6311 /* Project object */;
}
