// !$*UTF8*$!
{
	archiveVersion = 1;
	classes = {
	};
	objectVersion = 50;
	objects = {

/* Begin PBXBuildFile section */
		1034C0B122141F490050BC1E /* DIN Alternate Bold.otf in Resources */ = {isa = PBXBuildFile; fileRef = 1034C0B022141F480050BC1E /* DIN Alternate Bold.otf */; };
		106D3A792213027C0048CFEC /* CustomTabBarViewController.swift in Sources */ = {isa = PBXBuildFile; fileRef = 106D3A782213027C0048CFEC /* CustomTabBarViewController.swift */; };
		107F4EC02212EE6400E6BF89 /* CurrencyViewController.swift in Sources */ = {isa = PBXBuildFile; fileRef = 107F4EBF2212EE6400E6BF89 /* CurrencyViewController.swift */; };
		107F4EC22212FE0300E6BF89 /* TranslatorViewController.swift in Sources */ = {isa = PBXBuildFile; fileRef = 107F4EC12212FE0300E6BF89 /* TranslatorViewController.swift */; };
		107F4EC42212FE3F00E6BF89 /* WeatherViewController.swift in Sources */ = {isa = PBXBuildFile; fileRef = 107F4EC32212FE3F00E6BF89 /* WeatherViewController.swift */; };
		10938F7B2212DB7A00F15F60 /* PostLaunchViewController.swift in Sources */ = {isa = PBXBuildFile; fileRef = 10938F7A2212DB7A00F15F60 /* PostLaunchViewController.swift */; };
		1093E9FF221437D4008E7653 /* DesignableButton.swift in Sources */ = {isa = PBXBuildFile; fileRef = 1093E9FE221437D4008E7653 /* DesignableButton.swift */; };
		1093EA012214381E008E7653 /* DesignableView.swift in Sources */ = {isa = PBXBuildFile; fileRef = 1093EA002214381E008E7653 /* DesignableView.swift */; };
		10E4BF7D22157ABC00E41D15 /* LaunchScreen.storyboard in Resources */ = {isa = PBXBuildFile; fileRef = 10E4BF7B22157ABC00E41D15 /* LaunchScreen.storyboard */; };
		10EEBAEC2211A5E6009C6311 /* AppDelegate.swift in Sources */ = {isa = PBXBuildFile; fileRef = 10EEBAEB2211A5E6009C6311 /* AppDelegate.swift */; };
		10EEBAF12211A5E6009C6311 /* Main.storyboard in Resources */ = {isa = PBXBuildFile; fileRef = 10EEBAEF2211A5E6009C6311 /* Main.storyboard */; };
		10EEBAF32211A5E7009C6311 /* Assets.xcassets in Resources */ = {isa = PBXBuildFile; fileRef = 10EEBAF22211A5E7009C6311 /* Assets.xcassets */; };
		4843B8F42237EDA2000D3AC7 /* CurrencyService.swift in Sources */ = {isa = PBXBuildFile; fileRef = 4843B8F32237EDA2000D3AC7 /* CurrencyService.swift */; };
		4843B8F62237F264000D3AC7 /* Currency.swift in Sources */ = {isa = PBXBuildFile; fileRef = 4843B8F52237F264000D3AC7 /* Currency.swift */; };
		486AB394223FC5EB004985AA /* CurrenciesListViewController.swift in Sources */ = {isa = PBXBuildFile; fileRef = 486AB393223FC5EB004985AA /* CurrenciesListViewController.swift */; };
/* End PBXBuildFile section */

/* Begin PBXFileReference section */
		1034C0B022141F480050BC1E /* DIN Alternate Bold.otf */ = {isa = PBXFileReference; lastKnownFileType = file; path = "DIN Alternate Bold.otf"; sourceTree = "<group>"; };
		106D3A782213027C0048CFEC /* CustomTabBarViewController.swift */ = {isa = PBXFileReference; lastKnownFileType = sourcecode.swift; path = CustomTabBarViewController.swift; sourceTree = "<group>"; };
		107F4EBF2212EE6400E6BF89 /* CurrencyViewController.swift */ = {isa = PBXFileReference; lastKnownFileType = sourcecode.swift; path = CurrencyViewController.swift; sourceTree = "<group>"; };
		107F4EC12212FE0300E6BF89 /* TranslatorViewController.swift */ = {isa = PBXFileReference; lastKnownFileType = sourcecode.swift; path = TranslatorViewController.swift; sourceTree = "<group>"; };
		107F4EC32212FE3F00E6BF89 /* WeatherViewController.swift */ = {isa = PBXFileReference; lastKnownFileType = sourcecode.swift; path = WeatherViewController.swift; sourceTree = "<group>"; };
		10938F7A2212DB7A00F15F60 /* PostLaunchViewController.swift */ = {isa = PBXFileReference; lastKnownFileType = sourcecode.swift; path = PostLaunchViewController.swift; sourceTree = "<group>"; };
		1093E9FE221437D4008E7653 /* DesignableButton.swift */ = {isa = PBXFileReference; lastKnownFileType = sourcecode.swift; path = DesignableButton.swift; sourceTree = "<group>"; };
		1093EA002214381E008E7653 /* DesignableView.swift */ = {isa = PBXFileReference; lastKnownFileType = sourcecode.swift; path = DesignableView.swift; sourceTree = "<group>"; };
		10E4BF7C22157ABC00E41D15 /* Base */ = {isa = PBXFileReference; lastKnownFileType = file.storyboard; name = Base; path = Base.lproj/LaunchScreen.storyboard; sourceTree = "<group>"; };
		10EEBAE82211A5E6009C6311 /* Baluchon.app */ = {isa = PBXFileReference; explicitFileType = wrapper.application; includeInIndex = 0; path = Baluchon.app; sourceTree = BUILT_PRODUCTS_DIR; };
		10EEBAEB2211A5E6009C6311 /* AppDelegate.swift */ = {isa = PBXFileReference; lastKnownFileType = sourcecode.swift; path = AppDelegate.swift; sourceTree = "<group>"; };
		10EEBAF02211A5E6009C6311 /* Base */ = {isa = PBXFileReference; lastKnownFileType = file.storyboard; name = Base; path = Base.lproj/Main.storyboard; sourceTree = "<group>"; };
		10EEBAF22211A5E7009C6311 /* Assets.xcassets */ = {isa = PBXFileReference; lastKnownFileType = folder.assetcatalog; path = Assets.xcassets; sourceTree = "<group>"; };
		10EEBAF72211A5E7009C6311 /* Info.plist */ = {isa = PBXFileReference; lastKnownFileType = text.plist.xml; path = Info.plist; sourceTree = "<group>"; };
		4843B8F32237EDA2000D3AC7 /* CurrencyService.swift */ = {isa = PBXFileReference; lastKnownFileType = sourcecode.swift; path = CurrencyService.swift; sourceTree = "<group>"; };
		4843B8F52237F264000D3AC7 /* Currency.swift */ = {isa = PBXFileReference; lastKnownFileType = sourcecode.swift; path = Currency.swift; sourceTree = "<group>"; };
		486AB393223FC5EB004985AA /* CurrenciesListViewController.swift */ = {isa = PBXFileReference; lastKnownFileType = sourcecode.swift; path = CurrenciesListViewController.swift; sourceTree = "<group>"; };
/* End PBXFileReference section */

/* Begin PBXFrameworksBuildPhase section */
		10EEBAE52211A5E6009C6311 /* Frameworks */ = {
			isa = PBXFrameworksBuildPhase;
			buildActionMask = 2147483647;
			files = (
			);
			runOnlyForDeploymentPostprocessing = 0;
		};
/* End PBXFrameworksBuildPhase section */

/* Begin PBXGroup section */
		1034C0AF22141EFA0050BC1E /* Font */ = {
			isa = PBXGroup;
			children = (
				1034C0B022141F480050BC1E /* DIN Alternate Bold.otf */,
			);
			path = Font;
			sourceTree = "<group>";
		};
		10EEBADF2211A5E6009C6311 = {
			isa = PBXGroup;
			children = (
				10EEBAEA2211A5E6009C6311 /* Baluchon */,
				10EEBAE92211A5E6009C6311 /* Products */,
			);
			sourceTree = "<group>";
		};
		10EEBAE92211A5E6009C6311 /* Products */ = {
			isa = PBXGroup;
			children = (
				10EEBAE82211A5E6009C6311 /* Baluchon.app */,
			);
			name = Products;
			sourceTree = "<group>";
		};
		10EEBAEA2211A5E6009C6311 /* Baluchon */ = {
			isa = PBXGroup;
			children = (
				1034C0AF22141EFA0050BC1E /* Font */,
				48DEA8C322371A7600AB8315 /* Model */,
				10EEBB1A2211A5F9009C6311 /* View */,
				10EEBB1B2211A5FE009C6311 /* Controller */,
				10EEBAEB2211A5E6009C6311 /* AppDelegate.swift */,
				10EEBAF22211A5E7009C6311 /* Assets.xcassets */,
				10EEBAF72211A5E7009C6311 /* Info.plist */,
			);
			path = Baluchon;
			sourceTree = "<group>";
		};
		10EEBB1A2211A5F9009C6311 /* View */ = {
			isa = PBXGroup;
			children = (
				10EEBAEF2211A5E6009C6311 /* Main.storyboard */,
				10E4BF7B22157ABC00E41D15 /* LaunchScreen.storyboard */,
				1093E9FE221437D4008E7653 /* DesignableButton.swift */,
				1093EA002214381E008E7653 /* DesignableView.swift */,
			);
			path = View;
			sourceTree = "<group>";
		};
		10EEBB1B2211A5FE009C6311 /* Controller */ = {
			isa = PBXGroup;
			children = (
				10938F7A2212DB7A00F15F60 /* PostLaunchViewController.swift */,
				106D3A782213027C0048CFEC /* CustomTabBarViewController.swift */,
				107F4EBF2212EE6400E6BF89 /* CurrencyViewController.swift */,
				486AB393223FC5EB004985AA /* CurrenciesListViewController.swift */,
				107F4EC12212FE0300E6BF89 /* TranslatorViewController.swift */,
				107F4EC32212FE3F00E6BF89 /* WeatherViewController.swift */,
			);
			path = Controller;
			sourceTree = "<group>";
		};
		48DEA8C322371A7600AB8315 /* Model */ = {
			isa = PBXGroup;
			children = (
				4843B8F32237EDA2000D3AC7 /* CurrencyService.swift */,
				4843B8F52237F264000D3AC7 /* Currency.swift */,
			);
			path = Model;
			sourceTree = "<group>";
		};
/* End PBXGroup section */

/* Begin PBXNativeTarget section */
		10EEBAE72211A5E6009C6311 /* Baluchon */ = {
			isa = PBXNativeTarget;
			buildConfigurationList = 10EEBB102211A5E7009C6311 /* Build configuration list for PBXNativeTarget "Baluchon" */;
			buildPhases = (
				10EEBAE42211A5E6009C6311 /* Sources */,
				10EEBAE52211A5E6009C6311 /* Frameworks */,
				10EEBAE62211A5E6009C6311 /* Resources */,
				10CD04872216EF7700ADF5B9 /* ShellScript */,
			);
			buildRules = (
			);
			dependencies = (
			);
			name = Baluchon;
			productName = Baluchon;
			productReference = 10EEBAE82211A5E6009C6311 /* Baluchon.app */;
			productType = "com.apple.product-type.application";
		};
/* End PBXNativeTarget section */

/* Begin PBXProject section */
		10EEBAE02211A5E6009C6311 /* Project object */ = {
			isa = PBXProject;
			attributes = {
				LastSwiftUpdateCheck = 1010;
				LastUpgradeCheck = 1010;
				ORGANIZATIONNAME = "Jerome Krakus";
				TargetAttributes = {
					10EEBAE72211A5E6009C6311 = {
						CreatedOnToolsVersion = 10.1;
					};
				};
			};
			buildConfigurationList = 10EEBAE32211A5E6009C6311 /* Build configuration list for PBXProject "Baluchon" */;
			compatibilityVersion = "Xcode 9.3";
			developmentRegion = en;
			hasScannedForEncodings = 0;
			knownRegions = (
				en,
				Base,
			);
			mainGroup = 10EEBADF2211A5E6009C6311;
			productRefGroup = 10EEBAE92211A5E6009C6311 /* Products */;
			projectDirPath = "";
			projectRoot = "";
			targets = (
				10EEBAE72211A5E6009C6311 /* Baluchon */,
			);
		};
/* End PBXProject section */

/* Begin PBXResourcesBuildPhase section */
		10EEBAE62211A5E6009C6311 /* Resources */ = {
			isa = PBXResourcesBuildPhase;
			buildActionMask = 2147483647;
			files = (
				1034C0B122141F490050BC1E /* DIN Alternate Bold.otf in Resources */,
				10E4BF7D22157ABC00E41D15 /* LaunchScreen.storyboard in Resources */,
				10EEBAF32211A5E7009C6311 /* Assets.xcassets in Resources */,
				10EEBAF12211A5E6009C6311 /* Main.storyboard in Resources */,
			);
			runOnlyForDeploymentPostprocessing = 0;
		};
/* End PBXResourcesBuildPhase section */

/* Begin PBXShellScriptBuildPhase section */
		10CD04872216EF7700ADF5B9 /* ShellScript */ = {
			isa = PBXShellScriptBuildPhase;
			buildActionMask = 2147483647;
			files = (
			);
			inputFileListPaths = (
			);
			inputPaths = (
			);
			outputFileListPaths = (
			);
			outputPaths = (
			);
			runOnlyForDeploymentPostprocessing = 0;
			shellPath = /bin/sh;
			shellScript = "if which swiftlint >/dev/null; then\nswiftlint\nelse\necho \"warning: SwiftLint not installed, download from https://github.com/realm/SwiftLint\"\nfi\n";
		};
/* End PBXShellScriptBuildPhase section */

/* Begin PBXSourcesBuildPhase section */
		10EEBAE42211A5E6009C6311 /* Sources */ = {
			isa = PBXSourcesBuildPhase;
			buildActionMask = 2147483647;
			files = (
				10EEBAEC2211A5E6009C6311 /* AppDelegate.swift in Sources */,
				107F4EC42212FE3F00E6BF89 /* WeatherViewController.swift in Sources */,
				4843B8F42237EDA2000D3AC7 /* CurrencyService.swift in Sources */,
				107F4EC02212EE6400E6BF89 /* CurrencyViewController.swift in Sources */,
				1093E9FF221437D4008E7653 /* DesignableButton.swift in Sources */,
				106D3A792213027C0048CFEC /* CustomTabBarViewController.swift in Sources */,
				4843B8F62237F264000D3AC7 /* Currency.swift in Sources */,
				10938F7B2212DB7A00F15F60 /* PostLaunchViewController.swift in Sources */,
				486AB394223FC5EB004985AA /* CurrenciesListViewController.swift in Sources */,
				107F4EC22212FE0300E6BF89 /* TranslatorViewController.swift in Sources */,
				1093EA012214381E008E7653 /* DesignableView.swift in Sources */,
			);
			runOnlyForDeploymentPostprocessing = 0;
		};
/* End PBXSourcesBuildPhase section */

/* Begin PBXVariantGroup section */
		10E4BF7B22157ABC00E41D15 /* LaunchScreen.storyboard */ = {
			isa = PBXVariantGroup;
			children = (
				10E4BF7C22157ABC00E41D15 /* Base */,
			);
			name = LaunchScreen.storyboard;
			sourceTree = "<group>";
		};
		10EEBAEF2211A5E6009C6311 /* Main.storyboard */ = {
			isa = PBXVariantGroup;
			children = (
				10EEBAF02211A5E6009C6311 /* Base */,
			);
			name = Main.storyboard;
			sourceTree = "<group>";
		};
/* End PBXVariantGroup section */

/* Begin XCBuildConfiguration section */
		10EEBB0E2211A5E7009C6311 /* Debug */ = {
			isa = XCBuildConfiguration;
			buildSettings = {
				ALWAYS_SEARCH_USER_PATHS = NO;
				CLANG_ANALYZER_NONNULL = YES;
				CLANG_ANALYZER_NUMBER_OBJECT_CONVERSION = YES_AGGRESSIVE;
				CLANG_CXX_LANGUAGE_STANDARD = "gnu++14";
				CLANG_CXX_LIBRARY = "libc++";
				CLANG_ENABLE_MODULES = YES;
				CLANG_ENABLE_OBJC_ARC = YES;
				CLANG_ENABLE_OBJC_WEAK = YES;
				CLANG_WARN_BLOCK_CAPTURE_AUTORELEASING = YES;
				CLANG_WARN_BOOL_CONVERSION = YES;
				CLANG_WARN_COMMA = YES;
				CLANG_WARN_CONSTANT_CONVERSION = YES;
				CLANG_WARN_DEPRECATED_OBJC_IMPLEMENTATIONS = YES;
				CLANG_WARN_DIRECT_OBJC_ISA_USAGE = YES_ERROR;
				CLANG_WARN_DOCUMENTATION_COMMENTS = YES;
				CLANG_WARN_EMPTY_BODY = YES;
				CLANG_WARN_ENUM_CONVERSION = YES;
				CLANG_WARN_INFINITE_RECURSION = YES;
				CLANG_WARN_INT_CONVERSION = YES;
				CLANG_WARN_NON_LITERAL_NULL_CONVERSION = YES;
				CLANG_WARN_OBJC_IMPLICIT_RETAIN_SELF = YES;
				CLANG_WARN_OBJC_LITERAL_CONVERSION = YES;
				CLANG_WARN_OBJC_ROOT_CLASS = YES_ERROR;
				CLANG_WARN_RANGE_LOOP_ANALYSIS = YES;
				CLANG_WARN_STRICT_PROTOTYPES = YES;
				CLANG_WARN_SUSPICIOUS_MOVE = YES;
				CLANG_WARN_UNGUARDED_AVAILABILITY = YES_AGGRESSIVE;
				CLANG_WARN_UNREACHABLE_CODE = YES;
				CLANG_WARN__DUPLICATE_METHOD_MATCH = YES;
				CODE_SIGN_IDENTITY = "iPhone Developer";
				COPY_PHASE_STRIP = NO;
				DEBUG_INFORMATION_FORMAT = dwarf;
				ENABLE_STRICT_OBJC_MSGSEND = YES;
				ENABLE_TESTABILITY = YES;
				GCC_C_LANGUAGE_STANDARD = gnu11;
				GCC_DYNAMIC_NO_PIC = NO;
				GCC_NO_COMMON_BLOCKS = YES;
				GCC_OPTIMIZATION_LEVEL = 0;
				GCC_PREPROCESSOR_DEFINITIONS = (
					"DEBUG=1",
					"$(inherited)",
				);
				GCC_WARN_64_TO_32_BIT_CONVERSION = YES;
				GCC_WARN_ABOUT_RETURN_TYPE = YES_ERROR;
				GCC_WARN_UNDECLARED_SELECTOR = YES;
				GCC_WARN_UNINITIALIZED_AUTOS = YES_AGGRESSIVE;
				GCC_WARN_UNUSED_FUNCTION = YES;
				GCC_WARN_UNUSED_VARIABLE = YES;
				IPHONEOS_DEPLOYMENT_TARGET = 12.1;
				MTL_ENABLE_DEBUG_INFO = INCLUDE_SOURCE;
				MTL_FAST_MATH = YES;
				ONLY_ACTIVE_ARCH = YES;
				SDKROOT = iphoneos;
				SWIFT_ACTIVE_COMPILATION_CONDITIONS = DEBUG;
				SWIFT_OPTIMIZATION_LEVEL = "-Onone";
			};
			name = Debug;
		};
		10EEBB0F2211A5E7009C6311 /* Release */ = {
			isa = XCBuildConfiguration;
			buildSettings = {
				ALWAYS_SEARCH_USER_PATHS = NO;
				CLANG_ANALYZER_NONNULL = YES;
				CLANG_ANALYZER_NUMBER_OBJECT_CONVERSION = YES_AGGRESSIVE;
				CLANG_CXX_LANGUAGE_STANDARD = "gnu++14";
				CLANG_CXX_LIBRARY = "libc++";
				CLANG_ENABLE_MODULES = YES;
				CLANG_ENABLE_OBJC_ARC = YES;
				CLANG_ENABLE_OBJC_WEAK = YES;
				CLANG_WARN_BLOCK_CAPTURE_AUTORELEASING = YES;
				CLANG_WARN_BOOL_CONVERSION = YES;
				CLANG_WARN_COMMA = YES;
				CLANG_WARN_CONSTANT_CONVERSION = YES;
				CLANG_WARN_DEPRECATED_OBJC_IMPLEMENTATIONS = YES;
				CLANG_WARN_DIRECT_OBJC_ISA_USAGE = YES_ERROR;
				CLANG_WARN_DOCUMENTATION_COMMENTS = YES;
				CLANG_WARN_EMPTY_BODY = YES;
				CLANG_WARN_ENUM_CONVERSION = YES;
				CLANG_WARN_INFINITE_RECURSION = YES;
				CLANG_WARN_INT_CONVERSION = YES;
				CLANG_WARN_NON_LITERAL_NULL_CONVERSION = YES;
				CLANG_WARN_OBJC_IMPLICIT_RETAIN_SELF = YES;
				CLANG_WARN_OBJC_LITERAL_CONVERSION = YES;
				CLANG_WARN_OBJC_ROOT_CLASS = YES_ERROR;
				CLANG_WARN_RANGE_LOOP_ANALYSIS = YES;
				CLANG_WARN_STRICT_PROTOTYPES = YES;
				CLANG_WARN_SUSPICIOUS_MOVE = YES;
				CLANG_WARN_UNGUARDED_AVAILABILITY = YES_AGGRESSIVE;
				CLANG_WARN_UNREACHABLE_CODE = YES;
				CLANG_WARN__DUPLICATE_METHOD_MATCH = YES;
				CODE_SIGN_IDENTITY = "iPhone Developer";
				COPY_PHASE_STRIP = NO;
				DEBUG_INFORMATION_FORMAT = "dwarf-with-dsym";
				ENABLE_NS_ASSERTIONS = NO;
				ENABLE_STRICT_OBJC_MSGSEND = YES;
				GCC_C_LANGUAGE_STANDARD = gnu11;
				GCC_NO_COMMON_BLOCKS = YES;
				GCC_WARN_64_TO_32_BIT_CONVERSION = YES;
				GCC_WARN_ABOUT_RETURN_TYPE = YES_ERROR;
				GCC_WARN_UNDECLARED_SELECTOR = YES;
				GCC_WARN_UNINITIALIZED_AUTOS = YES_AGGRESSIVE;
				GCC_WARN_UNUSED_FUNCTION = YES;
				GCC_WARN_UNUSED_VARIABLE = YES;
				IPHONEOS_DEPLOYMENT_TARGET = 12.1;
				MTL_ENABLE_DEBUG_INFO = NO;
				MTL_FAST_MATH = YES;
				SDKROOT = iphoneos;
				SWIFT_COMPILATION_MODE = wholemodule;
				SWIFT_OPTIMIZATION_LEVEL = "-O";
				VALIDATE_PRODUCT = YES;
			};
			name = Release;
		};
		10EEBB112211A5E7009C6311 /* Debug */ = {
			isa = XCBuildConfiguration;
			buildSettings = {
				ASSETCATALOG_COMPILER_APPICON_NAME = AppIcon;
				CODE_SIGN_STYLE = Automatic;
				DEVELOPMENT_TEAM = LB6NT562ER;
				INFOPLIST_FILE = Baluchon/Info.plist;
				IPHONEOS_DEPLOYMENT_TARGET = 11.0;
				LD_RUNPATH_SEARCH_PATHS = (
					"$(inherited)",
					"@executable_path/Frameworks",
				);
				PRODUCT_BUNDLE_IDENTIFIER = "com.jeromkrakus.Baluchon-oc";
				PRODUCT_NAME = "$(TARGET_NAME)";
				SWIFT_VERSION = 4.2;
				TARGETED_DEVICE_FAMILY = 1;
			};
			name = Debug;
		};
		10EEBB122211A5E7009C6311 /* Release */ = {
			isa = XCBuildConfiguration;
			buildSettings = {
				ASSETCATALOG_COMPILER_APPICON_NAME = AppIcon;
				CODE_SIGN_STYLE = Automatic;
				DEVELOPMENT_TEAM = LB6NT562ER;
				INFOPLIST_FILE = Baluchon/Info.plist;
				IPHONEOS_DEPLOYMENT_TARGET = 11.0;
				LD_RUNPATH_SEARCH_PATHS = (
					"$(inherited)",
					"@executable_path/Frameworks",
				);
				PRODUCT_BUNDLE_IDENTIFIER = "com.jeromkrakus.Baluchon-oc";
				PRODUCT_NAME = "$(TARGET_NAME)";
				SWIFT_VERSION = 4.2;
				TARGETED_DEVICE_FAMILY = 1;
			};
			name = Release;
		};
/* End XCBuildConfiguration section */

/* Begin XCConfigurationList section */
		10EEBAE32211A5E6009C6311 /* Build configuration list for PBXProject "Baluchon" */ = {
			isa = XCConfigurationList;
			buildConfigurations = (
				10EEBB0E2211A5E7009C6311 /* Debug */,
				10EEBB0F2211A5E7009C6311 /* Release */,
			);
			defaultConfigurationIsVisible = 0;
			defaultConfigurationName = Release;
		};
		10EEBB102211A5E7009C6311 /* Build configuration list for PBXNativeTarget "Baluchon" */ = {
			isa = XCConfigurationList;
			buildConfigurations = (
				10EEBB112211A5E7009C6311 /* Debug */,
				10EEBB122211A5E7009C6311 /* Release */,
			);
			defaultConfigurationIsVisible = 0;
			defaultConfigurationName = Release;
		};
/* End XCConfigurationList section */
	};
	rootObject = 10EEBAE02211A5E6009C6311 /* Project object */;
}
